// !$*UTF8*$!
{
	archiveVersion = 1;
	classes = {
	};
	objectVersion = 50;
	objects = {

/* Begin PBXBuildFile section */
		2200676120E48D6F00A66BA6 /* Interface.storyboard in Resources */ = {isa = PBXBuildFile; fileRef = 2200675F20E48D6F00A66BA6 /* Interface.storyboard */; };
		2200676320E48D7000A66BA6 /* Assets.xcassets in Resources */ = {isa = PBXBuildFile; fileRef = 2200676220E48D7000A66BA6 /* Assets.xcassets */; };
		2200676A20E48D7000A66BA6 /* DevClicker Watch App Extension.appex in Embed App Extensions */ = {isa = PBXBuildFile; fileRef = 2200676920E48D7000A66BA6 /* DevClicker Watch App Extension.appex */; settings = {ATTRIBUTES = (RemoveHeadersOnCopy, ); }; };
		2200676F20E48D7000A66BA6 /* LeftInterfaceController.swift in Sources */ = {isa = PBXBuildFile; fileRef = 2200676E20E48D7000A66BA6 /* LeftInterfaceController.swift */; };
		2200677120E48D7000A66BA6 /* ExtensionDelegate.swift in Sources */ = {isa = PBXBuildFile; fileRef = 2200677020E48D7000A66BA6 /* ExtensionDelegate.swift */; };
		2200677320E48D7000A66BA6 /* NotificationController.swift in Sources */ = {isa = PBXBuildFile; fileRef = 2200677220E48D7000A66BA6 /* NotificationController.swift */; };
		2200677520E48D7000A66BA6 /* ComplicationController.swift in Sources */ = {isa = PBXBuildFile; fileRef = 2200677420E48D7000A66BA6 /* ComplicationController.swift */; };
		2200677720E48D7100A66BA6 /* Assets.xcassets in Resources */ = {isa = PBXBuildFile; fileRef = 2200677620E48D7100A66BA6 /* Assets.xcassets */; };
		2200677C20E48D7100A66BA6 /* DevClicker Watch App.app in Embed Watch Content */ = {isa = PBXBuildFile; fileRef = 2200675D20E48D6F00A66BA6 /* DevClicker Watch App.app */; };
		2200678620E4959300A66BA6 /* MiddleInterfaceController.swift in Sources */ = {isa = PBXBuildFile; fileRef = 2200678520E4959300A66BA6 /* MiddleInterfaceController.swift */; };
		2200678820E564A600A66BA6 /* RightInterfaceController.swift in Sources */ = {isa = PBXBuildFile; fileRef = 2200678720E564A600A66BA6 /* RightInterfaceController.swift */; };
		2256124820E62D7F00424840 /* WatchSessionManager.swift in Sources */ = {isa = PBXBuildFile; fileRef = 2256124720E62D7F00424840 /* WatchSessionManager.swift */; };
		2256124A20E62FAA00424840 /* WatchSessionManager.swift in Sources */ = {isa = PBXBuildFile; fileRef = 2256124920E62FAA00424840 /* WatchSessionManager.swift */; };
		2256124B20E638E200424840 /* UserDefaultsPersistence.swift in Sources */ = {isa = PBXBuildFile; fileRef = C60E384320E096440091B073 /* UserDefaultsPersistence.swift */; };
		2256124C20E638E400424840 /* Game.swift in Sources */ = {isa = PBXBuildFile; fileRef = C60E384120E046590091B073 /* Game.swift */; };
		22F41A9C20E5CFA4001FCFDA /* AppShared.swift in Sources */ = {isa = PBXBuildFile; fileRef = C60E383E20E02FA40091B073 /* AppShared.swift */; };
		22F41A9E20E5DD2D001FCFDA /* GameData.swift in Sources */ = {isa = PBXBuildFile; fileRef = C61B4CC420E293D2007CB091 /* GameData.swift */; };
		22F41A9F20E5DD30001FCFDA /* PlayerData.swift in Sources */ = {isa = PBXBuildFile; fileRef = C6640E7F20DF56CF00EAB7EE /* PlayerData.swift */; };
		22F41AA020E5DD33001FCFDA /* ProductionData.swift in Sources */ = {isa = PBXBuildFile; fileRef = C61B4CBB20E1B548007CB091 /* ProductionData.swift */; };
		22F41AA120E5DD36001FCFDA /* MarketData.swift in Sources */ = {isa = PBXBuildFile; fileRef = C65D5F6A20E0AA0C00E69339 /* MarketData.swift */; };
		22F41AA220E5DD38001FCFDA /* Upgrade.swift in Sources */ = {isa = PBXBuildFile; fileRef = C60E384520E098FB0091B073 /* Upgrade.swift */; };
		22F41AA320E5DD3F001FCFDA /* ExponentialOperator.swift in Sources */ = {isa = PBXBuildFile; fileRef = C65D5F6E20E0B9D200E69339 /* ExponentialOperator.swift */; };
		22F41AA420E5DD49001FCFDA /* upgrades.json in Resources */ = {isa = PBXBuildFile; fileRef = C61B4CC220E28CA8007CB091 /* upgrades.json */; };
		22F41AA520E5DD4E001FCFDA /* PlayerActionsServices.swift in Sources */ = {isa = PBXBuildFile; fileRef = C60E383920E02DCD0091B073 /* PlayerActionsServices.swift */; };
		22F41AA620E5DD51001FCFDA /* MarketServices.swift in Sources */ = {isa = PBXBuildFile; fileRef = C60E383B20E02DD90091B073 /* MarketServices.swift */; };
		22F41AA720E5DD54001FCFDA /* CodeServices.swift in Sources */ = {isa = PBXBuildFile; fileRef = C61B4CB920E1B4BC007CB091 /* CodeServices.swift */; };
		22F41AA820E5DD56001FCFDA /* UpgradeServices.swift in Sources */ = {isa = PBXBuildFile; fileRef = C61B4CC820E29B5D007CB091 /* UpgradeServices.swift */; };
		2CB0507FA689AA3541F082BD /* Pods_DevClicker.framework in Frameworks */ = {isa = PBXBuildFile; fileRef = DC927F400D6A2B0FDE8ADD6C /* Pods_DevClicker.framework */; };
		C60E383820E02CF40091B073 /* Default-568h@2x.png in Resources */ = {isa = PBXBuildFile; fileRef = C60E383720E02CF40091B073 /* Default-568h@2x.png */; };
		C60E383A20E02DCD0091B073 /* PlayerActionsServices.swift in Sources */ = {isa = PBXBuildFile; fileRef = C60E383920E02DCD0091B073 /* PlayerActionsServices.swift */; };
		C60E383C20E02DD90091B073 /* MarketServices.swift in Sources */ = {isa = PBXBuildFile; fileRef = C60E383B20E02DD90091B073 /* MarketServices.swift */; };
		C60E383F20E02FA40091B073 /* AppShared.swift in Sources */ = {isa = PBXBuildFile; fileRef = C60E383E20E02FA40091B073 /* AppShared.swift */; };
		C60E384220E046590091B073 /* Game.swift in Sources */ = {isa = PBXBuildFile; fileRef = C60E384120E046590091B073 /* Game.swift */; };
		C60E384420E096440091B073 /* UserDefaultsPersistence.swift in Sources */ = {isa = PBXBuildFile; fileRef = C60E384320E096440091B073 /* UserDefaultsPersistence.swift */; };
		C60E384620E098FB0091B073 /* Upgrade.swift in Sources */ = {isa = PBXBuildFile; fileRef = C60E384520E098FB0091B073 /* Upgrade.swift */; };
		C60E384920E0A34D0091B073 /* ViewControllerFactory.swift in Sources */ = {isa = PBXBuildFile; fileRef = C60E384820E0A34D0091B073 /* ViewControllerFactory.swift */; };
		C60E384B20E0A3E90091B073 /* StoryboardFactory.swift in Sources */ = {isa = PBXBuildFile; fileRef = C60E384A20E0A3E90091B073 /* StoryboardFactory.swift */; };
		C60E384D20E0A4770091B073 /* SegueIds.swift in Sources */ = {isa = PBXBuildFile; fileRef = C60E384C20E0A4770091B073 /* SegueIds.swift */; };
		C61B4CBA20E1B4BC007CB091 /* CodeServices.swift in Sources */ = {isa = PBXBuildFile; fileRef = C61B4CB920E1B4BC007CB091 /* CodeServices.swift */; };
		C61B4CBC20E1B548007CB091 /* ProductionData.swift in Sources */ = {isa = PBXBuildFile; fileRef = C61B4CBB20E1B548007CB091 /* ProductionData.swift */; };
		C61B4CBF20E2851E007CB091 /* UpgradesViewController.swift in Sources */ = {isa = PBXBuildFile; fileRef = C61B4CBE20E2851E007CB091 /* UpgradesViewController.swift */; };
		C61B4CC320E28CA8007CB091 /* upgrades.json in Resources */ = {isa = PBXBuildFile; fileRef = C61B4CC220E28CA8007CB091 /* upgrades.json */; };
		C61B4CC520E293D2007CB091 /* GameData.swift in Sources */ = {isa = PBXBuildFile; fileRef = C61B4CC420E293D2007CB091 /* GameData.swift */; };
		C61B4CC920E29B5D007CB091 /* UpgradeServices.swift in Sources */ = {isa = PBXBuildFile; fileRef = C61B4CC820E29B5D007CB091 /* UpgradeServices.swift */; };
		C61B4CCD20E2C153007CB091 /* UpgradesTableViewCell.swift in Sources */ = {isa = PBXBuildFile; fileRef = C61B4CCC20E2C153007CB091 /* UpgradesTableViewCell.swift */; };
		C61B4CCF20E2C599007CB091 /* CellFactory.swift in Sources */ = {isa = PBXBuildFile; fileRef = C61B4CCE20E2C599007CB091 /* CellFactory.swift */; };
		C65D5F6B20E0AA0C00E69339 /* MarketData.swift in Sources */ = {isa = PBXBuildFile; fileRef = C65D5F6A20E0AA0C00E69339 /* MarketData.swift */; };
		C65D5F6F20E0B9D200E69339 /* ExponentialOperator.swift in Sources */ = {isa = PBXBuildFile; fileRef = C65D5F6E20E0B9D200E69339 /* ExponentialOperator.swift */; };
		C65D5F7120E0C1BB00E69339 /* Notes.swift in Sources */ = {isa = PBXBuildFile; fileRef = C65D5F7020E0C1BB00E69339 /* Notes.swift */; };
		C6640E6820DF204E00EAB7EE /* AppDelegate.swift in Sources */ = {isa = PBXBuildFile; fileRef = C6640E6720DF204E00EAB7EE /* AppDelegate.swift */; };
		C6640E6A20DF204E00EAB7EE /* CodingViewController.swift in Sources */ = {isa = PBXBuildFile; fileRef = C6640E6920DF204E00EAB7EE /* CodingViewController.swift */; };
		C6640E6D20DF204E00EAB7EE /* Main.storyboard in Resources */ = {isa = PBXBuildFile; fileRef = C6640E6B20DF204E00EAB7EE /* Main.storyboard */; };
		C6640E6F20DF204F00EAB7EE /* Assets.xcassets in Resources */ = {isa = PBXBuildFile; fileRef = C6640E6E20DF204F00EAB7EE /* Assets.xcassets */; };
		C6640E7220DF204F00EAB7EE /* LaunchScreen.storyboard in Resources */ = {isa = PBXBuildFile; fileRef = C6640E7020DF204F00EAB7EE /* LaunchScreen.storyboard */; };
		C6640E8020DF56CF00EAB7EE /* PlayerData.swift in Sources */ = {isa = PBXBuildFile; fileRef = C6640E7F20DF56CF00EAB7EE /* PlayerData.swift */; };
		C6A78B6E20E69F740034F7D6 /* UIServices.swift in Sources */ = {isa = PBXBuildFile; fileRef = C6A78B6D20E69F740034F7D6 /* UIServices.swift */; };
		C6A78B7620E6A4AD0034F7D6 /* CodeClickerTests.swift in Sources */ = {isa = PBXBuildFile; fileRef = C6A78B7520E6A4AD0034F7D6 /* CodeClickerTests.swift */; };
/* End PBXBuildFile section */

/* Begin PBXContainerItemProxy section */
		2200676B20E48D7000A66BA6 /* PBXContainerItemProxy */ = {
			isa = PBXContainerItemProxy;
			containerPortal = C6640E5C20DF204E00EAB7EE /* Project object */;
			proxyType = 1;
			remoteGlobalIDString = 2200676820E48D7000A66BA6;
			remoteInfo = "DevClicker Watch App Extension";
		};
		2200677A20E48D7100A66BA6 /* PBXContainerItemProxy */ = {
			isa = PBXContainerItemProxy;
			containerPortal = C6640E5C20DF204E00EAB7EE /* Project object */;
			proxyType = 1;
			remoteGlobalIDString = 2200675C20E48D6F00A66BA6;
			remoteInfo = "DevClicker Watch App";
		};
		C6A78B7820E6A4AD0034F7D6 /* PBXContainerItemProxy */ = {
			isa = PBXContainerItemProxy;
			containerPortal = C6640E5C20DF204E00EAB7EE /* Project object */;
			proxyType = 1;
			remoteGlobalIDString = C6640E6320DF204E00EAB7EE;
			remoteInfo = DevClicker;
		};
/* End PBXContainerItemProxy section */

/* Begin PBXCopyFilesBuildPhase section */
		2200678020E48D7100A66BA6 /* Embed App Extensions */ = {
			isa = PBXCopyFilesBuildPhase;
			buildActionMask = 2147483647;
			dstPath = "";
			dstSubfolderSpec = 13;
			files = (
				2200676A20E48D7000A66BA6 /* DevClicker Watch App Extension.appex in Embed App Extensions */,
			);
			name = "Embed App Extensions";
			runOnlyForDeploymentPostprocessing = 0;
		};
		2200678420E48D7100A66BA6 /* Embed Watch Content */ = {
			isa = PBXCopyFilesBuildPhase;
			buildActionMask = 2147483647;
			dstPath = "$(CONTENTS_FOLDER_PATH)/Watch";
			dstSubfolderSpec = 16;
			files = (
				2200677C20E48D7100A66BA6 /* DevClicker Watch App.app in Embed Watch Content */,
			);
			name = "Embed Watch Content";
			runOnlyForDeploymentPostprocessing = 0;
		};
/* End PBXCopyFilesBuildPhase section */

/* Begin PBXFileReference section */
		1F337EEB6B253E71C602FC05 /* Pods-DevClicker.release.xcconfig */ = {isa = PBXFileReference; includeInIndex = 1; lastKnownFileType = text.xcconfig; name = "Pods-DevClicker.release.xcconfig"; path = "Pods/Target Support Files/Pods-DevClicker/Pods-DevClicker.release.xcconfig"; sourceTree = "<group>"; };
		2200675D20E48D6F00A66BA6 /* DevClicker Watch App.app */ = {isa = PBXFileReference; explicitFileType = wrapper.application; includeInIndex = 0; path = "DevClicker Watch App.app"; sourceTree = BUILT_PRODUCTS_DIR; };
		2200676020E48D6F00A66BA6 /* Base */ = {isa = PBXFileReference; lastKnownFileType = file.storyboard; name = Base; path = Base.lproj/Interface.storyboard; sourceTree = "<group>"; };
		2200676220E48D7000A66BA6 /* Assets.xcassets */ = {isa = PBXFileReference; lastKnownFileType = folder.assetcatalog; path = Assets.xcassets; sourceTree = "<group>"; };
		2200676420E48D7000A66BA6 /* Info.plist */ = {isa = PBXFileReference; lastKnownFileType = text.plist.xml; path = Info.plist; sourceTree = "<group>"; };
		2200676920E48D7000A66BA6 /* DevClicker Watch App Extension.appex */ = {isa = PBXFileReference; explicitFileType = "wrapper.app-extension"; includeInIndex = 0; path = "DevClicker Watch App Extension.appex"; sourceTree = BUILT_PRODUCTS_DIR; };
		2200676E20E48D7000A66BA6 /* LeftInterfaceController.swift */ = {isa = PBXFileReference; lastKnownFileType = sourcecode.swift; path = LeftInterfaceController.swift; sourceTree = "<group>"; };
		2200677020E48D7000A66BA6 /* ExtensionDelegate.swift */ = {isa = PBXFileReference; lastKnownFileType = sourcecode.swift; path = ExtensionDelegate.swift; sourceTree = "<group>"; };
		2200677220E48D7000A66BA6 /* NotificationController.swift */ = {isa = PBXFileReference; lastKnownFileType = sourcecode.swift; path = NotificationController.swift; sourceTree = "<group>"; };
		2200677420E48D7000A66BA6 /* ComplicationController.swift */ = {isa = PBXFileReference; lastKnownFileType = sourcecode.swift; path = ComplicationController.swift; sourceTree = "<group>"; };
		2200677620E48D7100A66BA6 /* Assets.xcassets */ = {isa = PBXFileReference; lastKnownFileType = folder.assetcatalog; path = Assets.xcassets; sourceTree = "<group>"; };
		2200677820E48D7100A66BA6 /* Info.plist */ = {isa = PBXFileReference; lastKnownFileType = text.plist.xml; path = Info.plist; sourceTree = "<group>"; };
		2200677920E48D7100A66BA6 /* PushNotificationPayload.apns */ = {isa = PBXFileReference; lastKnownFileType = text; path = PushNotificationPayload.apns; sourceTree = "<group>"; };
		2200678520E4959300A66BA6 /* MiddleInterfaceController.swift */ = {isa = PBXFileReference; lastKnownFileType = sourcecode.swift; path = MiddleInterfaceController.swift; sourceTree = "<group>"; };
		2200678720E564A600A66BA6 /* RightInterfaceController.swift */ = {isa = PBXFileReference; lastKnownFileType = sourcecode.swift; path = RightInterfaceController.swift; sourceTree = "<group>"; };
		2256124720E62D7F00424840 /* WatchSessionManager.swift */ = {isa = PBXFileReference; lastKnownFileType = sourcecode.swift; path = WatchSessionManager.swift; sourceTree = "<group>"; };
		2256124920E62FAA00424840 /* WatchSessionManager.swift */ = {isa = PBXFileReference; lastKnownFileType = sourcecode.swift; path = WatchSessionManager.swift; sourceTree = "<group>"; };
		22F41AAA20E5FA36001FCFDA /* DevClicker.entitlements */ = {isa = PBXFileReference; lastKnownFileType = text.plist.entitlements; path = DevClicker.entitlements; sourceTree = "<group>"; };
		22F41AAB20E5FAD0001FCFDA /* DevClicker Watch App.entitlements */ = {isa = PBXFileReference; lastKnownFileType = text.plist.entitlements; path = "DevClicker Watch App.entitlements"; sourceTree = "<group>"; };
		22F41AAC20E5FAD5001FCFDA /* DevClicker Watch App Extension.entitlements */ = {isa = PBXFileReference; lastKnownFileType = text.plist.entitlements; path = "DevClicker Watch App Extension.entitlements"; sourceTree = "<group>"; };
		3EF61D4390EF77A8BE175A24 /* Pods-DevClicker.debug.xcconfig */ = {isa = PBXFileReference; includeInIndex = 1; lastKnownFileType = text.xcconfig; name = "Pods-DevClicker.debug.xcconfig"; path = "Pods/Target Support Files/Pods-DevClicker/Pods-DevClicker.debug.xcconfig"; sourceTree = "<group>"; };
		C60E383720E02CF40091B073 /* Default-568h@2x.png */ = {isa = PBXFileReference; lastKnownFileType = image.png; path = "Default-568h@2x.png"; sourceTree = "<group>"; };
		C60E383920E02DCD0091B073 /* PlayerActionsServices.swift */ = {isa = PBXFileReference; lastKnownFileType = sourcecode.swift; path = PlayerActionsServices.swift; sourceTree = "<group>"; };
		C60E383B20E02DD90091B073 /* MarketServices.swift */ = {isa = PBXFileReference; lastKnownFileType = sourcecode.swift; path = MarketServices.swift; sourceTree = "<group>"; };
		C60E383E20E02FA40091B073 /* AppShared.swift */ = {isa = PBXFileReference; lastKnownFileType = sourcecode.swift; path = AppShared.swift; sourceTree = "<group>"; };
		C60E384120E046590091B073 /* Game.swift */ = {isa = PBXFileReference; lastKnownFileType = sourcecode.swift; path = Game.swift; sourceTree = "<group>"; };
		C60E384320E096440091B073 /* UserDefaultsPersistence.swift */ = {isa = PBXFileReference; lastKnownFileType = sourcecode.swift; path = UserDefaultsPersistence.swift; sourceTree = "<group>"; };
		C60E384520E098FB0091B073 /* Upgrade.swift */ = {isa = PBXFileReference; lastKnownFileType = sourcecode.swift; path = Upgrade.swift; sourceTree = "<group>"; };
		C60E384820E0A34D0091B073 /* ViewControllerFactory.swift */ = {isa = PBXFileReference; lastKnownFileType = sourcecode.swift; path = ViewControllerFactory.swift; sourceTree = "<group>"; };
		C60E384A20E0A3E90091B073 /* StoryboardFactory.swift */ = {isa = PBXFileReference; lastKnownFileType = sourcecode.swift; path = StoryboardFactory.swift; sourceTree = "<group>"; };
		C60E384C20E0A4770091B073 /* SegueIds.swift */ = {isa = PBXFileReference; lastKnownFileType = sourcecode.swift; path = SegueIds.swift; sourceTree = "<group>"; };
		C61B4CB920E1B4BC007CB091 /* CodeServices.swift */ = {isa = PBXFileReference; lastKnownFileType = sourcecode.swift; path = CodeServices.swift; sourceTree = "<group>"; };
		C61B4CBB20E1B548007CB091 /* ProductionData.swift */ = {isa = PBXFileReference; lastKnownFileType = sourcecode.swift; path = ProductionData.swift; sourceTree = "<group>"; };
		C61B4CBE20E2851E007CB091 /* UpgradesViewController.swift */ = {isa = PBXFileReference; lastKnownFileType = sourcecode.swift; path = UpgradesViewController.swift; sourceTree = "<group>"; };
		C61B4CC220E28CA8007CB091 /* upgrades.json */ = {isa = PBXFileReference; lastKnownFileType = text.json; path = upgrades.json; sourceTree = "<group>"; };
		C61B4CC420E293D2007CB091 /* GameData.swift */ = {isa = PBXFileReference; lastKnownFileType = sourcecode.swift; path = GameData.swift; sourceTree = "<group>"; };
		C61B4CC820E29B5D007CB091 /* UpgradeServices.swift */ = {isa = PBXFileReference; lastKnownFileType = sourcecode.swift; path = UpgradeServices.swift; sourceTree = "<group>"; };
		C61B4CCC20E2C153007CB091 /* UpgradesTableViewCell.swift */ = {isa = PBXFileReference; lastKnownFileType = sourcecode.swift; path = UpgradesTableViewCell.swift; sourceTree = "<group>"; };
		C61B4CCE20E2C599007CB091 /* CellFactory.swift */ = {isa = PBXFileReference; lastKnownFileType = sourcecode.swift; path = CellFactory.swift; sourceTree = "<group>"; };
		C65D5F6A20E0AA0C00E69339 /* MarketData.swift */ = {isa = PBXFileReference; lastKnownFileType = sourcecode.swift; path = MarketData.swift; sourceTree = "<group>"; };
		C65D5F6E20E0B9D200E69339 /* ExponentialOperator.swift */ = {isa = PBXFileReference; lastKnownFileType = sourcecode.swift; path = ExponentialOperator.swift; sourceTree = "<group>"; };
		C65D5F7020E0C1BB00E69339 /* Notes.swift */ = {isa = PBXFileReference; lastKnownFileType = sourcecode.swift; path = Notes.swift; sourceTree = "<group>"; };
		C6640E6420DF204E00EAB7EE /* DevClicker.app */ = {isa = PBXFileReference; explicitFileType = wrapper.application; includeInIndex = 0; path = DevClicker.app; sourceTree = BUILT_PRODUCTS_DIR; };
		C6640E6720DF204E00EAB7EE /* AppDelegate.swift */ = {isa = PBXFileReference; lastKnownFileType = sourcecode.swift; path = AppDelegate.swift; sourceTree = "<group>"; };
		C6640E6920DF204E00EAB7EE /* CodingViewController.swift */ = {isa = PBXFileReference; lastKnownFileType = sourcecode.swift; path = CodingViewController.swift; sourceTree = "<group>"; };
		C6640E6C20DF204E00EAB7EE /* Base */ = {isa = PBXFileReference; lastKnownFileType = file.storyboard; name = Base; path = Base.lproj/Main.storyboard; sourceTree = "<group>"; };
		C6640E6E20DF204F00EAB7EE /* Assets.xcassets */ = {isa = PBXFileReference; lastKnownFileType = folder.assetcatalog; path = Assets.xcassets; sourceTree = "<group>"; };
		C6640E7120DF204F00EAB7EE /* Base */ = {isa = PBXFileReference; lastKnownFileType = file.storyboard; name = Base; path = Base.lproj/LaunchScreen.storyboard; sourceTree = "<group>"; };
		C6640E7320DF204F00EAB7EE /* Info.plist */ = {isa = PBXFileReference; lastKnownFileType = text.plist.xml; path = Info.plist; sourceTree = "<group>"; };
		C6640E7F20DF56CF00EAB7EE /* PlayerData.swift */ = {isa = PBXFileReference; lastKnownFileType = sourcecode.swift; path = PlayerData.swift; sourceTree = "<group>"; };
		C6A78B6D20E69F740034F7D6 /* UIServices.swift */ = {isa = PBXFileReference; lastKnownFileType = sourcecode.swift; path = UIServices.swift; sourceTree = "<group>"; };
		C6A78B7320E6A4AD0034F7D6 /* DevClickerTests.xctest */ = {isa = PBXFileReference; explicitFileType = wrapper.cfbundle; includeInIndex = 0; path = DevClickerTests.xctest; sourceTree = BUILT_PRODUCTS_DIR; };
		C6A78B7520E6A4AD0034F7D6 /* CodeClickerTests.swift */ = {isa = PBXFileReference; lastKnownFileType = sourcecode.swift; path = CodeClickerTests.swift; sourceTree = "<group>"; };
		C6A78B7720E6A4AD0034F7D6 /* Info.plist */ = {isa = PBXFileReference; lastKnownFileType = text.plist.xml; path = Info.plist; sourceTree = "<group>"; };
		DC927F400D6A2B0FDE8ADD6C /* Pods_DevClicker.framework */ = {isa = PBXFileReference; explicitFileType = wrapper.framework; includeInIndex = 0; path = Pods_DevClicker.framework; sourceTree = BUILT_PRODUCTS_DIR; };
/* End PBXFileReference section */

/* Begin PBXFrameworksBuildPhase section */
		2200676620E48D7000A66BA6 /* Frameworks */ = {
			isa = PBXFrameworksBuildPhase;
			buildActionMask = 2147483647;
			files = (
			);
			runOnlyForDeploymentPostprocessing = 0;
		};
		A3126962B00908A3877794EC /* Frameworks */ = {
			isa = PBXFrameworksBuildPhase;
			buildActionMask = 2147483647;
			files = (
			);
			runOnlyForDeploymentPostprocessing = 0;
		};
		C6640E6120DF204E00EAB7EE /* Frameworks */ = {
			isa = PBXFrameworksBuildPhase;
			buildActionMask = 2147483647;
			files = (
				2CB0507FA689AA3541F082BD /* Pods_DevClicker.framework in Frameworks */,
			);
			runOnlyForDeploymentPostprocessing = 0;
		};
		C6A78B7020E6A4AD0034F7D6 /* Frameworks */ = {
			isa = PBXFrameworksBuildPhase;
			buildActionMask = 2147483647;
			files = (
			);
			runOnlyForDeploymentPostprocessing = 0;
		};
/* End PBXFrameworksBuildPhase section */

/* Begin PBXGroup section */
		09C636B88E21E16855EA478B /* Frameworks */ = {
			isa = PBXGroup;
			children = (
				DC927F400D6A2B0FDE8ADD6C /* Pods_DevClicker.framework */,
			);
			name = Frameworks;
			sourceTree = "<group>";
		};
		2200675E20E48D6F00A66BA6 /* DevClicker Watch App */ = {
			isa = PBXGroup;
			children = (
				22F41AAB20E5FAD0001FCFDA /* DevClicker Watch App.entitlements */,
				2200675F20E48D6F00A66BA6 /* Interface.storyboard */,
				2200676220E48D7000A66BA6 /* Assets.xcassets */,
				2200676420E48D7000A66BA6 /* Info.plist */,
			);
			path = "DevClicker Watch App";
			sourceTree = "<group>";
		};
		2200676D20E48D7000A66BA6 /* DevClicker Watch App Extension */ = {
			isa = PBXGroup;
			children = (
				22F41AAC20E5FAD5001FCFDA /* DevClicker Watch App Extension.entitlements */,
				2256124D20E6477300424840 /* Interface Controllers */,
				2256124920E62FAA00424840 /* WatchSessionManager.swift */,
				2200677020E48D7000A66BA6 /* ExtensionDelegate.swift */,
				2200677220E48D7000A66BA6 /* NotificationController.swift */,
				2200677420E48D7000A66BA6 /* ComplicationController.swift */,
				2200677620E48D7100A66BA6 /* Assets.xcassets */,
				2200677820E48D7100A66BA6 /* Info.plist */,
				2200677920E48D7100A66BA6 /* PushNotificationPayload.apns */,
			);
			path = "DevClicker Watch App Extension";
			sourceTree = "<group>";
		};
		2256121B20E620CE00424840 /* Shared */ = {
			isa = PBXGroup;
			children = (
				C60E383E20E02FA40091B073 /* AppShared.swift */,
				C60E384320E096440091B073 /* UserDefaultsPersistence.swift */,
				C60E384020E046260091B073 /* Game */,
			);
			path = Shared;
			sourceTree = "<group>";
		};
		2256124D20E6477300424840 /* Interface Controllers */ = {
			isa = PBXGroup;
			children = (
				2200676E20E48D7000A66BA6 /* LeftInterfaceController.swift */,
				2200678520E4959300A66BA6 /* MiddleInterfaceController.swift */,
				2200678720E564A600A66BA6 /* RightInterfaceController.swift */,
			);
			path = "Interface Controllers";
			sourceTree = "<group>";
		};
		911A1A7E9E0048BDD28A9BC2 /* Pods */ = {
			isa = PBXGroup;
			children = (
				3EF61D4390EF77A8BE175A24 /* Pods-DevClicker.debug.xcconfig */,
				1F337EEB6B253E71C602FC05 /* Pods-DevClicker.release.xcconfig */,
			);
			name = Pods;
			sourceTree = "<group>";
		};
		C60E383D20E02F790091B073 /* App Support */ = {
			isa = PBXGroup;
			children = (
				C6640E7320DF204F00EAB7EE /* Info.plist */,
				C6640E6720DF204E00EAB7EE /* AppDelegate.swift */,
				C65D5F7020E0C1BB00E69339 /* Notes.swift */,
			);
			path = "App Support";
			sourceTree = "<group>";
		};
		C60E384020E046260091B073 /* Game */ = {
			isa = PBXGroup;
			children = (
				C60E384120E046590091B073 /* Game.swift */,
			);
			path = Game;
			sourceTree = "<group>";
		};
		C60E384720E0A2640091B073 /* Factories */ = {
			isa = PBXGroup;
			children = (
				C60E384820E0A34D0091B073 /* ViewControllerFactory.swift */,
				C60E384A20E0A3E90091B073 /* StoryboardFactory.swift */,
				C60E384C20E0A4770091B073 /* SegueIds.swift */,
				C61B4CCE20E2C599007CB091 /* CellFactory.swift */,
			);
			path = Factories;
			sourceTree = "<group>";
		};
		C61B4CCB20E2C12F007CB091 /* Cells */ = {
			isa = PBXGroup;
			children = (
				C61B4CCC20E2C153007CB091 /* UpgradesTableViewCell.swift */,
			);
			path = Cells;
			sourceTree = "<group>";
		};
		C65D5F6D20E0B98300E69339 /* Functionalities */ = {
			isa = PBXGroup;
			children = (
				C65D5F6E20E0B9D200E69339 /* ExponentialOperator.swift */,
			);
			path = Functionalities;
			sourceTree = "<group>";
		};
		C6640E5B20DF204E00EAB7EE = {
			isa = PBXGroup;
			children = (
				C6640E6620DF204E00EAB7EE /* DevClicker */,
				2200675E20E48D6F00A66BA6 /* DevClicker Watch App */,
				2256121B20E620CE00424840 /* Shared */,
				2200676D20E48D7000A66BA6 /* DevClicker Watch App Extension */,
				C6A78B7420E6A4AD0034F7D6 /* DevClickerTests */,
				C6640E6520DF204E00EAB7EE /* Products */,
				911A1A7E9E0048BDD28A9BC2 /* Pods */,
				09C636B88E21E16855EA478B /* Frameworks */,
			);
			sourceTree = "<group>";
		};
		C6640E6520DF204E00EAB7EE /* Products */ = {
			isa = PBXGroup;
			children = (
				C6640E6420DF204E00EAB7EE /* DevClicker.app */,
				2200675D20E48D6F00A66BA6 /* DevClicker Watch App.app */,
				2200676920E48D7000A66BA6 /* DevClicker Watch App Extension.appex */,
				C6A78B7320E6A4AD0034F7D6 /* DevClickerTests.xctest */,
			);
			name = Products;
			sourceTree = "<group>";
		};
		C6640E6620DF204E00EAB7EE /* DevClicker */ = {
			isa = PBXGroup;
			children = (
				22F41AAA20E5FA36001FCFDA /* DevClicker.entitlements */,
				C60E383D20E02F790091B073 /* App Support */,
				C6640E8120DF5CB200EAB7EE /* App Media */,
				C6640E7D20DF564F00EAB7EE /* Database */,
				C65D5F6D20E0B98300E69339 /* Functionalities */,
				C6640E7E20DF567100EAB7EE /* Data Structures */,
				C60E384720E0A2640091B073 /* Factories */,
				C6640E7C20DF564900EAB7EE /* Persistence */,
				C6640E7B20DF563A00EAB7EE /* Services */,
				C6640E7920DF561D00EAB7EE /* View Controllers */,
				C6640E7A20DF562900EAB7EE /* Views */,
			);
			path = DevClicker;
			sourceTree = "<group>";
		};
		C6640E7920DF561D00EAB7EE /* View Controllers */ = {
			isa = PBXGroup;
			children = (
				C6640E6920DF204E00EAB7EE /* CodingViewController.swift */,
				C61B4CBE20E2851E007CB091 /* UpgradesViewController.swift */,
			);
			path = "View Controllers";
			sourceTree = "<group>";
		};
		C6640E7A20DF562900EAB7EE /* Views */ = {
			isa = PBXGroup;
			children = (
				C61B4CCB20E2C12F007CB091 /* Cells */,
				C6640E7020DF204F00EAB7EE /* LaunchScreen.storyboard */,
				C6640E6B20DF204E00EAB7EE /* Main.storyboard */,
			);
			path = Views;
			sourceTree = "<group>";
		};
		C6640E7B20DF563A00EAB7EE /* Services */ = {
			isa = PBXGroup;
			children = (
				C60E383920E02DCD0091B073 /* PlayerActionsServices.swift */,
				C60E383B20E02DD90091B073 /* MarketServices.swift */,
				C61B4CB920E1B4BC007CB091 /* CodeServices.swift */,
				C61B4CC820E29B5D007CB091 /* UpgradeServices.swift */,
				C6A78B6D20E69F740034F7D6 /* UIServices.swift */,
			);
			path = Services;
			sourceTree = "<group>";
		};
		C6640E7C20DF564900EAB7EE /* Persistence */ = {
			isa = PBXGroup;
			children = (
				2256124720E62D7F00424840 /* WatchSessionManager.swift */,
			);
			path = Persistence;
			sourceTree = "<group>";
		};
		C6640E7D20DF564F00EAB7EE /* Database */ = {
			isa = PBXGroup;
			children = (
				C61B4CC220E28CA8007CB091 /* upgrades.json */,
			);
			path = Database;
			sourceTree = "<group>";
		};
		C6640E7E20DF567100EAB7EE /* Data Structures */ = {
			isa = PBXGroup;
			children = (
				C61B4CC420E293D2007CB091 /* GameData.swift */,
				C6640E7F20DF56CF00EAB7EE /* PlayerData.swift */,
				C61B4CBB20E1B548007CB091 /* ProductionData.swift */,
				C65D5F6A20E0AA0C00E69339 /* MarketData.swift */,
				C60E384520E098FB0091B073 /* Upgrade.swift */,
			);
			path = "Data Structures";
			sourceTree = "<group>";
		};
		C6640E8120DF5CB200EAB7EE /* App Media */ = {
			isa = PBXGroup;
			children = (
				C60E383720E02CF40091B073 /* Default-568h@2x.png */,
				C6640E8220DF5CD200EAB7EE /* Fonts */,
				C6640E6E20DF204F00EAB7EE /* Assets.xcassets */,
			);
			path = "App Media";
			sourceTree = "<group>";
		};
		C6640E8220DF5CD200EAB7EE /* Fonts */ = {
			isa = PBXGroup;
			children = (
			);
			path = Fonts;
			sourceTree = "<group>";
		};
		C6A78B7420E6A4AD0034F7D6 /* DevClickerTests */ = {
			isa = PBXGroup;
			children = (
				C6A78B7520E6A4AD0034F7D6 /* CodeClickerTests.swift */,
				C6A78B7720E6A4AD0034F7D6 /* Info.plist */,
			);
			path = DevClickerTests;
			sourceTree = "<group>";
		};
/* End PBXGroup section */

/* Begin PBXNativeTarget section */
		2200675C20E48D6F00A66BA6 /* DevClicker Watch App */ = {
			isa = PBXNativeTarget;
			buildConfigurationList = 2200678120E48D7100A66BA6 /* Build configuration list for PBXNativeTarget "DevClicker Watch App" */;
			buildPhases = (
				2200675B20E48D6F00A66BA6 /* Resources */,
				2200678020E48D7100A66BA6 /* Embed App Extensions */,
				A3126962B00908A3877794EC /* Frameworks */,
			);
			buildRules = (
			);
			dependencies = (
				2200676C20E48D7000A66BA6 /* PBXTargetDependency */,
			);
			name = "DevClicker Watch App";
			productName = "DevClicker Watch App";
			productReference = 2200675D20E48D6F00A66BA6 /* DevClicker Watch App.app */;
			productType = "com.apple.product-type.application.watchapp2";
		};
		2200676820E48D7000A66BA6 /* DevClicker Watch App Extension */ = {
			isa = PBXNativeTarget;
			buildConfigurationList = 2200677D20E48D7100A66BA6 /* Build configuration list for PBXNativeTarget "DevClicker Watch App Extension" */;
			buildPhases = (
				2200676520E48D7000A66BA6 /* Sources */,
				2200676620E48D7000A66BA6 /* Frameworks */,
				2200676720E48D7000A66BA6 /* Resources */,
			);
			buildRules = (
			);
			dependencies = (
			);
			name = "DevClicker Watch App Extension";
			productName = "DevClicker Watch App Extension";
			productReference = 2200676920E48D7000A66BA6 /* DevClicker Watch App Extension.appex */;
			productType = "com.apple.product-type.watchkit2-extension";
		};
		C6640E6320DF204E00EAB7EE /* DevClicker */ = {
			isa = PBXNativeTarget;
			buildConfigurationList = C6640E7620DF204F00EAB7EE /* Build configuration list for PBXNativeTarget "DevClicker" */;
			buildPhases = (
				01E36A3E623F305DE7EF8528 /* [CP] Check Pods Manifest.lock */,
				C6640E6020DF204E00EAB7EE /* Sources */,
				C6640E6120DF204E00EAB7EE /* Frameworks */,
				C6640E6220DF204E00EAB7EE /* Resources */,
				C61B4CBD20E27946007CB091 /* ShellScript */,
				2200678420E48D7100A66BA6 /* Embed Watch Content */,
				B41282B306C1F47DBB9365A6 /* [CP] Embed Pods Frameworks */,
				446013B7F6AF34F2724392A8 /* [CP] Copy Pods Resources */,
			);
			buildRules = (
			);
			dependencies = (
				2200677B20E48D7100A66BA6 /* PBXTargetDependency */,
			);
			name = DevClicker;
			productName = DevClicker;
			productReference = C6640E6420DF204E00EAB7EE /* DevClicker.app */;
			productType = "com.apple.product-type.application";
		};
		C6A78B7220E6A4AD0034F7D6 /* DevClickerTests */ = {
			isa = PBXNativeTarget;
			buildConfigurationList = C6A78B7A20E6A4AD0034F7D6 /* Build configuration list for PBXNativeTarget "DevClickerTests" */;
			buildPhases = (
				C6A78B6F20E6A4AD0034F7D6 /* Sources */,
				C6A78B7020E6A4AD0034F7D6 /* Frameworks */,
				C6A78B7120E6A4AD0034F7D6 /* Resources */,
			);
			buildRules = (
			);
			dependencies = (
				C6A78B7920E6A4AD0034F7D6 /* PBXTargetDependency */,
			);
			name = DevClickerTests;
			productName = DevClickerTests;
			productReference = C6A78B7320E6A4AD0034F7D6 /* DevClickerTests.xctest */;
			productType = "com.apple.product-type.bundle.unit-test";
		};
/* End PBXNativeTarget section */

/* Begin PBXProject section */
		C6640E5C20DF204E00EAB7EE /* Project object */ = {
			isa = PBXProject;
			attributes = {
				LastSwiftUpdateCheck = 0940;
				LastUpgradeCheck = 0940;
				ORGANIZATIONNAME = "Rodrigo Hilkner";
				TargetAttributes = {
					2200675C20E48D6F00A66BA6 = {
						CreatedOnToolsVersion = 9.4.1;
						SystemCapabilities = {
							com.apple.ApplicationGroups.iOS = {
								enabled = 0;
							};
						};
					};
					2200676820E48D7000A66BA6 = {
						CreatedOnToolsVersion = 9.4.1;
						SystemCapabilities = {
							com.apple.ApplicationGroups.iOS = {
								enabled = 0;
							};
						};
					};
					C6640E6320DF204E00EAB7EE = {
						CreatedOnToolsVersion = 9.4.1;
						SystemCapabilities = {
							com.apple.ApplicationGroups.iOS = {
								enabled = 0;
							};
						};
					};
					C6A78B7220E6A4AD0034F7D6 = {
						CreatedOnToolsVersion = 9.4.1;
						TestTargetID = C6640E6320DF204E00EAB7EE;
					};
				};
			};
			buildConfigurationList = C6640E5F20DF204E00EAB7EE /* Build configuration list for PBXProject "DevClicker" */;
			compatibilityVersion = "Xcode 9.3";
			developmentRegion = en;
			hasScannedForEncodings = 0;
			knownRegions = (
				en,
				Base,
			);
			mainGroup = C6640E5B20DF204E00EAB7EE;
			productRefGroup = C6640E6520DF204E00EAB7EE /* Products */;
			projectDirPath = "";
			projectRoot = "";
			targets = (
				C6640E6320DF204E00EAB7EE /* DevClicker */,
				2200675C20E48D6F00A66BA6 /* DevClicker Watch App */,
				2200676820E48D7000A66BA6 /* DevClicker Watch App Extension */,
				C6A78B7220E6A4AD0034F7D6 /* DevClickerTests */,
			);
		};
/* End PBXProject section */

/* Begin PBXResourcesBuildPhase section */
		2200675B20E48D6F00A66BA6 /* Resources */ = {
			isa = PBXResourcesBuildPhase;
			buildActionMask = 2147483647;
			files = (
				2200676320E48D7000A66BA6 /* Assets.xcassets in Resources */,
				2200676120E48D6F00A66BA6 /* Interface.storyboard in Resources */,
			);
			runOnlyForDeploymentPostprocessing = 0;
		};
		2200676720E48D7000A66BA6 /* Resources */ = {
			isa = PBXResourcesBuildPhase;
			buildActionMask = 2147483647;
			files = (
				22F41AA420E5DD49001FCFDA /* upgrades.json in Resources */,
				2200677720E48D7100A66BA6 /* Assets.xcassets in Resources */,
			);
			runOnlyForDeploymentPostprocessing = 0;
		};
		C6640E6220DF204E00EAB7EE /* Resources */ = {
			isa = PBXResourcesBuildPhase;
			buildActionMask = 2147483647;
			files = (
				C6640E7220DF204F00EAB7EE /* LaunchScreen.storyboard in Resources */,
				C61B4CC320E28CA8007CB091 /* upgrades.json in Resources */,
				C60E383820E02CF40091B073 /* Default-568h@2x.png in Resources */,
				C6640E6F20DF204F00EAB7EE /* Assets.xcassets in Resources */,
				C6640E6D20DF204E00EAB7EE /* Main.storyboard in Resources */,
			);
			runOnlyForDeploymentPostprocessing = 0;
		};
		C6A78B7120E6A4AD0034F7D6 /* Resources */ = {
			isa = PBXResourcesBuildPhase;
			buildActionMask = 2147483647;
			files = (
			);
			runOnlyForDeploymentPostprocessing = 0;
		};
/* End PBXResourcesBuildPhase section */

/* Begin PBXShellScriptBuildPhase section */
		01E36A3E623F305DE7EF8528 /* [CP] Check Pods Manifest.lock */ = {
			isa = PBXShellScriptBuildPhase;
			buildActionMask = 2147483647;
			files = (
			);
			inputPaths = (
				"${PODS_PODFILE_DIR_PATH}/Podfile.lock",
				"${PODS_ROOT}/Manifest.lock",
			);
			name = "[CP] Check Pods Manifest.lock";
			outputPaths = (
				"$(DERIVED_FILE_DIR)/Pods-DevClicker-checkManifestLockResult.txt",
			);
			runOnlyForDeploymentPostprocessing = 0;
			shellPath = /bin/sh;
			shellScript = "diff \"${PODS_PODFILE_DIR_PATH}/Podfile.lock\" \"${PODS_ROOT}/Manifest.lock\" > /dev/null\nif [ $? != 0 ] ; then\n    # print error to STDERR\n    echo \"error: The sandbox is not in sync with the Podfile.lock. Run 'pod install' or update your CocoaPods installation.\" >&2\n    exit 1\nfi\n# This output is used by Xcode 'outputs' to avoid re-running this script phase.\necho \"SUCCESS\" > \"${SCRIPT_OUTPUT_FILE_0}\"\n";
			showEnvVarsInLog = 0;
		};
		446013B7F6AF34F2724392A8 /* [CP] Copy Pods Resources */ = {
			isa = PBXShellScriptBuildPhase;
			buildActionMask = 2147483647;
			files = (
			);
			inputPaths = (
			);
			name = "[CP] Copy Pods Resources";
			outputPaths = (
			);
			runOnlyForDeploymentPostprocessing = 0;
			shellPath = /bin/sh;
			shellScript = "\"${SRCROOT}/Pods/Target Support Files/Pods-DevClicker/Pods-DevClicker-resources.sh\"\n";
			showEnvVarsInLog = 0;
		};
		B41282B306C1F47DBB9365A6 /* [CP] Embed Pods Frameworks */ = {
			isa = PBXShellScriptBuildPhase;
			buildActionMask = 2147483647;
			files = (
			);
			inputPaths = (
			);
			name = "[CP] Embed Pods Frameworks";
			outputPaths = (
			);
			runOnlyForDeploymentPostprocessing = 0;
			shellPath = /bin/sh;
			shellScript = "\"${SRCROOT}/Pods/Target Support Files/Pods-DevClicker/Pods-DevClicker-frameworks.sh\"\n";
			showEnvVarsInLog = 0;
		};
		C61B4CBD20E27946007CB091 /* ShellScript */ = {
			isa = PBXShellScriptBuildPhase;
			buildActionMask = 2147483647;
			files = (
			);
			inputPaths = (
			);
			outputPaths = (
			);
			runOnlyForDeploymentPostprocessing = 0;
			shellPath = /bin/sh;
			shellScript = "\"${PODS_ROOT}/SwiftLint/swiftlint\"";
		};
/* End PBXShellScriptBuildPhase section */

/* Begin PBXSourcesBuildPhase section */
		2200676520E48D7000A66BA6 /* Sources */ = {
			isa = PBXSourcesBuildPhase;
			buildActionMask = 2147483647;
			files = (
				2200677320E48D7000A66BA6 /* NotificationController.swift in Sources */,
				2200678620E4959300A66BA6 /* MiddleInterfaceController.swift in Sources */,
				22F41AA020E5DD33001FCFDA /* ProductionData.swift in Sources */,
				2200678820E564A600A66BA6 /* RightInterfaceController.swift in Sources */,
				22F41A9C20E5CFA4001FCFDA /* AppShared.swift in Sources */,
				22F41AA120E5DD36001FCFDA /* MarketData.swift in Sources */,
				2200677520E48D7000A66BA6 /* ComplicationController.swift in Sources */,
				22F41AA620E5DD51001FCFDA /* MarketServices.swift in Sources */,
				22F41AA820E5DD56001FCFDA /* UpgradeServices.swift in Sources */,
				2256124B20E638E200424840 /* UserDefaultsPersistence.swift in Sources */,
				22F41AA520E5DD4E001FCFDA /* PlayerActionsServices.swift in Sources */,
				2256124C20E638E400424840 /* Game.swift in Sources */,
				22F41AA220E5DD38001FCFDA /* Upgrade.swift in Sources */,
				2200677120E48D7000A66BA6 /* ExtensionDelegate.swift in Sources */,
				22F41A9F20E5DD30001FCFDA /* PlayerData.swift in Sources */,
				2256124A20E62FAA00424840 /* WatchSessionManager.swift in Sources */,
				22F41AA720E5DD54001FCFDA /* CodeServices.swift in Sources */,
				2200676F20E48D7000A66BA6 /* LeftInterfaceController.swift in Sources */,
				22F41A9E20E5DD2D001FCFDA /* GameData.swift in Sources */,
				22F41AA320E5DD3F001FCFDA /* ExponentialOperator.swift in Sources */,
			);
			runOnlyForDeploymentPostprocessing = 0;
		};
		C6640E6020DF204E00EAB7EE /* Sources */ = {
			isa = PBXSourcesBuildPhase;
			buildActionMask = 2147483647;
			files = (
				C6640E8020DF56CF00EAB7EE /* PlayerData.swift in Sources */,
				C60E384920E0A34D0091B073 /* ViewControllerFactory.swift in Sources */,
				C6640E6A20DF204E00EAB7EE /* CodingViewController.swift in Sources */,
				C61B4CCD20E2C153007CB091 /* UpgradesTableViewCell.swift in Sources */,
				C60E384620E098FB0091B073 /* Upgrade.swift in Sources */,
				C65D5F6B20E0AA0C00E69339 /* MarketData.swift in Sources */,
				C61B4CCF20E2C599007CB091 /* CellFactory.swift in Sources */,
				C60E384B20E0A3E90091B073 /* StoryboardFactory.swift in Sources */,
				C60E384220E046590091B073 /* Game.swift in Sources */,
				C61B4CBF20E2851E007CB091 /* UpgradesViewController.swift in Sources */,
				C60E384420E096440091B073 /* UserDefaultsPersistence.swift in Sources */,
				C60E383F20E02FA40091B073 /* AppShared.swift in Sources */,
				C6640E6820DF204E00EAB7EE /* AppDelegate.swift in Sources */,
				2256124820E62D7F00424840 /* WatchSessionManager.swift in Sources */,
				C61B4CC520E293D2007CB091 /* GameData.swift in Sources */,
				C61B4CC920E29B5D007CB091 /* UpgradeServices.swift in Sources */,
				C60E383C20E02DD90091B073 /* MarketServices.swift in Sources */,
				C65D5F7120E0C1BB00E69339 /* Notes.swift in Sources */,
				C60E384D20E0A4770091B073 /* SegueIds.swift in Sources */,
				C60E383A20E02DCD0091B073 /* PlayerActionsServices.swift in Sources */,
				C65D5F6F20E0B9D200E69339 /* ExponentialOperator.swift in Sources */,
				C6A78B6E20E69F740034F7D6 /* UIServices.swift in Sources */,
				C61B4CBA20E1B4BC007CB091 /* CodeServices.swift in Sources */,
				C61B4CBC20E1B548007CB091 /* ProductionData.swift in Sources */,
			);
			runOnlyForDeploymentPostprocessing = 0;
		};
		C6A78B6F20E6A4AD0034F7D6 /* Sources */ = {
			isa = PBXSourcesBuildPhase;
			buildActionMask = 2147483647;
			files = (
				C6A78B7620E6A4AD0034F7D6 /* CodeClickerTests.swift in Sources */,
			);
			runOnlyForDeploymentPostprocessing = 0;
		};
/* End PBXSourcesBuildPhase section */

/* Begin PBXTargetDependency section */
		2200676C20E48D7000A66BA6 /* PBXTargetDependency */ = {
			isa = PBXTargetDependency;
			target = 2200676820E48D7000A66BA6 /* DevClicker Watch App Extension */;
			targetProxy = 2200676B20E48D7000A66BA6 /* PBXContainerItemProxy */;
		};
		2200677B20E48D7100A66BA6 /* PBXTargetDependency */ = {
			isa = PBXTargetDependency;
			target = 2200675C20E48D6F00A66BA6 /* DevClicker Watch App */;
			targetProxy = 2200677A20E48D7100A66BA6 /* PBXContainerItemProxy */;
		};
		C6A78B7920E6A4AD0034F7D6 /* PBXTargetDependency */ = {
			isa = PBXTargetDependency;
			target = C6640E6320DF204E00EAB7EE /* DevClicker */;
			targetProxy = C6A78B7820E6A4AD0034F7D6 /* PBXContainerItemProxy */;
		};
/* End PBXTargetDependency section */

/* Begin PBXVariantGroup section */
		2200675F20E48D6F00A66BA6 /* Interface.storyboard */ = {
			isa = PBXVariantGroup;
			children = (
				2200676020E48D6F00A66BA6 /* Base */,
			);
			name = Interface.storyboard;
			sourceTree = "<group>";
		};
		C6640E6B20DF204E00EAB7EE /* Main.storyboard */ = {
			isa = PBXVariantGroup;
			children = (
				C6640E6C20DF204E00EAB7EE /* Base */,
			);
			name = Main.storyboard;
			sourceTree = "<group>";
		};
		C6640E7020DF204F00EAB7EE /* LaunchScreen.storyboard */ = {
			isa = PBXVariantGroup;
			children = (
				C6640E7120DF204F00EAB7EE /* Base */,
			);
			name = LaunchScreen.storyboard;
			sourceTree = "<group>";
		};
/* End PBXVariantGroup section */

/* Begin XCBuildConfiguration section */
		2200677E20E48D7100A66BA6 /* Debug */ = {
			isa = XCBuildConfiguration;
			buildSettings = {
				ASSETCATALOG_COMPILER_COMPLICATION_NAME = Complication;
				CODE_SIGN_STYLE = Automatic;
				DEVELOPMENT_TEAM = HMM2SSNKR5;
				INFOPLIST_FILE = "DevClicker Watch App Extension/Info.plist";
				LD_RUNPATH_SEARCH_PATHS = (
					"$(inherited)",
					"@executable_path/Frameworks",
					"@executable_path/../../Frameworks",
				);
				PRODUCT_BUNDLE_IDENTIFIER = xpt.DevClicker.watchkitapp.watchkitextension;
				PRODUCT_NAME = "${TARGET_NAME}";
				SDKROOT = watchos;
				SKIP_INSTALL = NO;
				STRIP_INSTALLED_PRODUCT = NO;
				SWIFT_VERSION = 4.0;
				TARGETED_DEVICE_FAMILY = 4;
				WATCHOS_DEPLOYMENT_TARGET = 4.3;
			};
			name = Debug;
		};
		2200677F20E48D7100A66BA6 /* Release */ = {
			isa = XCBuildConfiguration;
			buildSettings = {
				ASSETCATALOG_COMPILER_COMPLICATION_NAME = Complication;
				CODE_SIGN_STYLE = Automatic;
				DEVELOPMENT_TEAM = HMM2SSNKR5;
				INFOPLIST_FILE = "DevClicker Watch App Extension/Info.plist";
				LD_RUNPATH_SEARCH_PATHS = (
					"$(inherited)",
					"@executable_path/Frameworks",
					"@executable_path/../../Frameworks",
				);
				PRODUCT_BUNDLE_IDENTIFIER = xpt.DevClicker.watchkitapp.watchkitextension;
				PRODUCT_NAME = "${TARGET_NAME}";
				SDKROOT = watchos;
				SKIP_INSTALL = NO;
				STRIP_INSTALLED_PRODUCT = NO;
				SWIFT_VERSION = 4.0;
				TARGETED_DEVICE_FAMILY = 4;
				WATCHOS_DEPLOYMENT_TARGET = 4.3;
			};
			name = Release;
		};
		2200678220E48D7100A66BA6 /* Debug */ = {
			isa = XCBuildConfiguration;
			buildSettings = {
				ALWAYS_EMBED_SWIFT_STANDARD_LIBRARIES = YES;
				ASSETCATALOG_COMPILER_APPICON_NAME = AppIcon;
				CODE_SIGN_STYLE = Automatic;
				DEVELOPMENT_TEAM = HMM2SSNKR5;
				IBSC_MODULE = DevClicker_Watch_App_Extension;
				INFOPLIST_FILE = "DevClicker Watch App/Info.plist";
				PRODUCT_BUNDLE_IDENTIFIER = xpt.DevClicker.watchkitapp;
				PRODUCT_NAME = "$(TARGET_NAME)";
				SDKROOT = watchos;
				SKIP_INSTALL = YES;
				SWIFT_VERSION = 4.0;
				TARGETED_DEVICE_FAMILY = 4;
				WATCHOS_DEPLOYMENT_TARGET = 4.3;
			};
			name = Debug;
		};
		2200678320E48D7100A66BA6 /* Release */ = {
			isa = XCBuildConfiguration;
			buildSettings = {
				ALWAYS_EMBED_SWIFT_STANDARD_LIBRARIES = YES;
				ASSETCATALOG_COMPILER_APPICON_NAME = AppIcon;
				CODE_SIGN_STYLE = Automatic;
				DEVELOPMENT_TEAM = HMM2SSNKR5;
				IBSC_MODULE = DevClicker_Watch_App_Extension;
				INFOPLIST_FILE = "DevClicker Watch App/Info.plist";
				PRODUCT_BUNDLE_IDENTIFIER = xpt.DevClicker.watchkitapp;
				PRODUCT_NAME = "$(TARGET_NAME)";
				SDKROOT = watchos;
				SKIP_INSTALL = YES;
				SWIFT_VERSION = 4.0;
				TARGETED_DEVICE_FAMILY = 4;
				WATCHOS_DEPLOYMENT_TARGET = 4.3;
			};
			name = Release;
		};
		C6640E7420DF204F00EAB7EE /* Debug */ = {
			isa = XCBuildConfiguration;
			buildSettings = {
				ALWAYS_SEARCH_USER_PATHS = NO;
				CLANG_ANALYZER_NONNULL = YES;
				CLANG_ANALYZER_NUMBER_OBJECT_CONVERSION = YES_AGGRESSIVE;
				CLANG_CXX_LANGUAGE_STANDARD = "gnu++14";
				CLANG_CXX_LIBRARY = "libc++";
				CLANG_ENABLE_MODULES = YES;
				CLANG_ENABLE_OBJC_ARC = YES;
				CLANG_ENABLE_OBJC_WEAK = YES;
				CLANG_WARN_BLOCK_CAPTURE_AUTORELEASING = YES;
				CLANG_WARN_BOOL_CONVERSION = YES;
				CLANG_WARN_COMMA = YES;
				CLANG_WARN_CONSTANT_CONVERSION = YES;
				CLANG_WARN_DEPRECATED_OBJC_IMPLEMENTATIONS = YES;
				CLANG_WARN_DIRECT_OBJC_ISA_USAGE = YES_ERROR;
				CLANG_WARN_DOCUMENTATION_COMMENTS = YES;
				CLANG_WARN_EMPTY_BODY = YES;
				CLANG_WARN_ENUM_CONVERSION = YES;
				CLANG_WARN_INFINITE_RECURSION = YES;
				CLANG_WARN_INT_CONVERSION = YES;
				CLANG_WARN_NON_LITERAL_NULL_CONVERSION = YES;
				CLANG_WARN_OBJC_IMPLICIT_RETAIN_SELF = YES;
				CLANG_WARN_OBJC_LITERAL_CONVERSION = YES;
				CLANG_WARN_OBJC_ROOT_CLASS = YES_ERROR;
				CLANG_WARN_RANGE_LOOP_ANALYSIS = YES;
				CLANG_WARN_STRICT_PROTOTYPES = YES;
				CLANG_WARN_SUSPICIOUS_MOVE = YES;
				CLANG_WARN_UNGUARDED_AVAILABILITY = YES_AGGRESSIVE;
				CLANG_WARN_UNREACHABLE_CODE = YES;
				CLANG_WARN__DUPLICATE_METHOD_MATCH = YES;
				CODE_SIGN_IDENTITY = "iPhone Developer";
				COPY_PHASE_STRIP = NO;
				DEBUG_INFORMATION_FORMAT = dwarf;
				ENABLE_STRICT_OBJC_MSGSEND = YES;
				ENABLE_TESTABILITY = YES;
				GCC_C_LANGUAGE_STANDARD = gnu11;
				GCC_DYNAMIC_NO_PIC = NO;
				GCC_NO_COMMON_BLOCKS = YES;
				GCC_OPTIMIZATION_LEVEL = 0;
				GCC_PREPROCESSOR_DEFINITIONS = (
					"DEBUG=1",
					"$(inherited)",
				);
				GCC_WARN_64_TO_32_BIT_CONVERSION = YES;
				GCC_WARN_ABOUT_RETURN_TYPE = YES_ERROR;
				GCC_WARN_UNDECLARED_SELECTOR = YES;
				GCC_WARN_UNINITIALIZED_AUTOS = YES_AGGRESSIVE;
				GCC_WARN_UNUSED_FUNCTION = YES;
				GCC_WARN_UNUSED_VARIABLE = YES;
				IPHONEOS_DEPLOYMENT_TARGET = 10.2;
				MTL_ENABLE_DEBUG_INFO = YES;
				ONLY_ACTIVE_ARCH = YES;
				SDKROOT = iphoneos;
				SWIFT_ACTIVE_COMPILATION_CONDITIONS = DEBUG;
				SWIFT_OPTIMIZATION_LEVEL = "-Onone";
			};
			name = Debug;
		};
		C6640E7520DF204F00EAB7EE /* Release */ = {
			isa = XCBuildConfiguration;
			buildSettings = {
				ALWAYS_SEARCH_USER_PATHS = NO;
				CLANG_ANALYZER_NONNULL = YES;
				CLANG_ANALYZER_NUMBER_OBJECT_CONVERSION = YES_AGGRESSIVE;
				CLANG_CXX_LANGUAGE_STANDARD = "gnu++14";
				CLANG_CXX_LIBRARY = "libc++";
				CLANG_ENABLE_MODULES = YES;
				CLANG_ENABLE_OBJC_ARC = YES;
				CLANG_ENABLE_OBJC_WEAK = YES;
				CLANG_WARN_BLOCK_CAPTURE_AUTORELEASING = YES;
				CLANG_WARN_BOOL_CONVERSION = YES;
				CLANG_WARN_COMMA = YES;
				CLANG_WARN_CONSTANT_CONVERSION = YES;
				CLANG_WARN_DEPRECATED_OBJC_IMPLEMENTATIONS = YES;
				CLANG_WARN_DIRECT_OBJC_ISA_USAGE = YES_ERROR;
				CLANG_WARN_DOCUMENTATION_COMMENTS = YES;
				CLANG_WARN_EMPTY_BODY = YES;
				CLANG_WARN_ENUM_CONVERSION = YES;
				CLANG_WARN_INFINITE_RECURSION = YES;
				CLANG_WARN_INT_CONVERSION = YES;
				CLANG_WARN_NON_LITERAL_NULL_CONVERSION = YES;
				CLANG_WARN_OBJC_IMPLICIT_RETAIN_SELF = YES;
				CLANG_WARN_OBJC_LITERAL_CONVERSION = YES;
				CLANG_WARN_OBJC_ROOT_CLASS = YES_ERROR;
				CLANG_WARN_RANGE_LOOP_ANALYSIS = YES;
				CLANG_WARN_STRICT_PROTOTYPES = YES;
				CLANG_WARN_SUSPICIOUS_MOVE = YES;
				CLANG_WARN_UNGUARDED_AVAILABILITY = YES_AGGRESSIVE;
				CLANG_WARN_UNREACHABLE_CODE = YES;
				CLANG_WARN__DUPLICATE_METHOD_MATCH = YES;
				CODE_SIGN_IDENTITY = "iPhone Developer";
				COPY_PHASE_STRIP = NO;
				DEBUG_INFORMATION_FORMAT = "dwarf-with-dsym";
				ENABLE_NS_ASSERTIONS = NO;
				ENABLE_STRICT_OBJC_MSGSEND = YES;
				GCC_C_LANGUAGE_STANDARD = gnu11;
				GCC_NO_COMMON_BLOCKS = YES;
				GCC_WARN_64_TO_32_BIT_CONVERSION = YES;
				GCC_WARN_ABOUT_RETURN_TYPE = YES_ERROR;
				GCC_WARN_UNDECLARED_SELECTOR = YES;
				GCC_WARN_UNINITIALIZED_AUTOS = YES_AGGRESSIVE;
				GCC_WARN_UNUSED_FUNCTION = YES;
				GCC_WARN_UNUSED_VARIABLE = YES;
				IPHONEOS_DEPLOYMENT_TARGET = 10.2;
				MTL_ENABLE_DEBUG_INFO = NO;
				ONLY_ACTIVE_ARCH = YES;
				SDKROOT = iphoneos;
				SWIFT_COMPILATION_MODE = wholemodule;
				SWIFT_OPTIMIZATION_LEVEL = "-O";
				VALIDATE_PRODUCT = YES;
			};
			name = Release;
		};
		C6640E7720DF204F00EAB7EE /* Debug */ = {
			isa = XCBuildConfiguration;
			baseConfigurationReference = 3EF61D4390EF77A8BE175A24 /* Pods-DevClicker.debug.xcconfig */;
			buildSettings = {
				ASSETCATALOG_COMPILER_APPICON_NAME = AppIcon;
				CODE_SIGN_STYLE = Automatic;
				DEVELOPMENT_TEAM = HMM2SSNKR5;
				INFOPLIST_FILE = "$(SRCROOT)/DevClicker/App Support/Info.plist";
				LD_RUNPATH_SEARCH_PATHS = (
					"$(inherited)",
					"@executable_path/Frameworks",
				);
				PRODUCT_BUNDLE_IDENTIFIER = xpt.DevClicker;
				PRODUCT_NAME = "$(TARGET_NAME)";
				SWIFT_VERSION = 4.0;
				TARGETED_DEVICE_FAMILY = "1,2";
			};
			name = Debug;
		};
		C6640E7820DF204F00EAB7EE /* Release */ = {
			isa = XCBuildConfiguration;
			baseConfigurationReference = 1F337EEB6B253E71C602FC05 /* Pods-DevClicker.release.xcconfig */;
			buildSettings = {
				ASSETCATALOG_COMPILER_APPICON_NAME = AppIcon;
				CODE_SIGN_STYLE = Automatic;
				DEVELOPMENT_TEAM = HMM2SSNKR5;
				INFOPLIST_FILE = "$(SRCROOT)/DevClicker/App Support/Info.plist";
				LD_RUNPATH_SEARCH_PATHS = (
					"$(inherited)",
					"@executable_path/Frameworks",
				);
				PRODUCT_BUNDLE_IDENTIFIER = xpt.DevClicker;
				PRODUCT_NAME = "$(TARGET_NAME)";
				SWIFT_VERSION = 4.0;
				TARGETED_DEVICE_FAMILY = "1,2";
			};
			name = Release;
		};
		C6A78B7B20E6A4AD0034F7D6 /* Debug */ = {
			isa = XCBuildConfiguration;
			buildSettings = {
				BUNDLE_LOADER = "$(TEST_HOST)";
				CODE_SIGN_STYLE = Automatic;
				DEVELOPMENT_TEAM = HMM2SSNKR5;
				INFOPLIST_FILE = DevClickerTests/Info.plist;
				IPHONEOS_DEPLOYMENT_TARGET = 11.4;
				LD_RUNPATH_SEARCH_PATHS = (
					"$(inherited)",
					"@executable_path/Frameworks",
					"@loader_path/Frameworks",
				);
				PRODUCT_BUNDLE_IDENTIFIER = xpt.DevClickerTests;
				PRODUCT_NAME = "$(TARGET_NAME)";
				SWIFT_VERSION = 4.0;
				TARGETED_DEVICE_FAMILY = "1,2";
				TEST_HOST = "$(BUILT_PRODUCTS_DIR)/DevClicker.app/DevClicker";
			};
			name = Debug;
		};
		C6A78B7C20E6A4AD0034F7D6 /* Release */ = {
			isa = XCBuildConfiguration;
			buildSettings = {
				BUNDLE_LOADER = "$(TEST_HOST)";
				CODE_SIGN_STYLE = Automatic;
				DEVELOPMENT_TEAM = HMM2SSNKR5;
				INFOPLIST_FILE = DevClickerTests/Info.plist;
				IPHONEOS_DEPLOYMENT_TARGET = 11.4;
				LD_RUNPATH_SEARCH_PATHS = (
					"$(inherited)",
					"@executable_path/Frameworks",
					"@loader_path/Frameworks",
				);
				PRODUCT_BUNDLE_IDENTIFIER = xpt.DevClickerTests;
				PRODUCT_NAME = "$(TARGET_NAME)";
				SWIFT_VERSION = 4.0;
				TARGETED_DEVICE_FAMILY = "1,2";
				TEST_HOST = "$(BUILT_PRODUCTS_DIR)/DevClicker.app/DevClicker";
			};
			name = Release;
		};
/* End XCBuildConfiguration section */

/* Begin XCConfigurationList section */
		2200677D20E48D7100A66BA6 /* Build configuration list for PBXNativeTarget "DevClicker Watch App Extension" */ = {
			isa = XCConfigurationList;
			buildConfigurations = (
				2200677E20E48D7100A66BA6 /* Debug */,
				2200677F20E48D7100A66BA6 /* Release */,
			);
			defaultConfigurationIsVisible = 0;
			defaultConfigurationName = Release;
		};
		2200678120E48D7100A66BA6 /* Build configuration list for PBXNativeTarget "DevClicker Watch App" */ = {
			isa = XCConfigurationList;
			buildConfigurations = (
				2200678220E48D7100A66BA6 /* Debug */,
				2200678320E48D7100A66BA6 /* Release */,
			);
			defaultConfigurationIsVisible = 0;
			defaultConfigurationName = Release;
		};
		C6640E5F20DF204E00EAB7EE /* Build configuration list for PBXProject "DevClicker" */ = {
			isa = XCConfigurationList;
			buildConfigurations = (
				C6640E7420DF204F00EAB7EE /* Debug */,
				C6640E7520DF204F00EAB7EE /* Release */,
			);
			defaultConfigurationIsVisible = 0;
			defaultConfigurationName = Release;
		};
		C6640E7620DF204F00EAB7EE /* Build configuration list for PBXNativeTarget "DevClicker" */ = {
			isa = XCConfigurationList;
			buildConfigurations = (
				C6640E7720DF204F00EAB7EE /* Debug */,
				C6640E7820DF204F00EAB7EE /* Release */,
			);
			defaultConfigurationIsVisible = 0;
			defaultConfigurationName = Release;
		};
		C6A78B7A20E6A4AD0034F7D6 /* Build configuration list for PBXNativeTarget "DevClickerTests" */ = {
			isa = XCConfigurationList;
			buildConfigurations = (
				C6A78B7B20E6A4AD0034F7D6 /* Debug */,
				C6A78B7C20E6A4AD0034F7D6 /* Release */,
			);
			defaultConfigurationIsVisible = 0;
			defaultConfigurationName = Release;
		};
/* End XCConfigurationList section */
	};
	rootObject = C6640E5C20DF204E00EAB7EE /* Project object */;
}
